{
    "version": 3,
    "terraform_version": "0.7.7",
    "serial": 0,
    "lineage": "878f0909-6759-4d5a-9f89-c7fe588eb6d6",
    "modules": [
        {
            "path": [
                "root"
            ],
            "outputs": {},
            "resources": {
                "google_compute_instance.test1": {
                    "type": "google_compute_instance",
                    "depends_on": [],
                    "primary": {
                        "id": "test1",
                        "attributes": {
                            "can_ip_forward": "false",
                            "disk.#": "2",
                            "disk.0.auto_delete": "true",
                            "disk.0.device_name": "",
                            "disk.0.disk": "",
                            "disk.0.image": "debian-cloud/debian-8",
                            "disk.0.scratch": "false",
                            "disk.0.size": "0",
                            "disk.0.type": "",
                            "disk.1.auto_delete": "true",
                            "disk.1.device_name": "",
                            "disk.1.disk": "",
                            "disk.1.image": "",
                            "disk.1.scratch": "true",
                            "disk.1.size": "0",
                            "disk.1.type": "local-ssd",
                            "id": "test1",
                            "machine_type": "n1-standard-1",
                            "metadata.%": "1",
                            "metadata.foo": "bar",
                            "metadata_fingerprint": "8tOtoWoyLrI=",
                            "metadata_startup_script": "sudo apt-get update \u0026\u0026 sudo apt-get upgrade",
                            "name": "test1",
                            "network.#": "0",
                            "network_interface.#": "1",
                            "network_interface.0.access_config.#": "1",
                            "network_interface.0.access_config.0.assigned_nat_ip": "104.197.225.243",
                            "network_interface.0.access_config.0.nat_ip": "",
                            "network_interface.0.address": "10.128.0.2",
                            "network_interface.0.name": "nic0",
                            "network_interface.0.network": "default",
                            "network_interface.0.subnetwork": "",
                            "self_link": "https://www.googleapis.com/compute/v1/projects/api-project-939426582926/zones/us-central1-a/instances/test1",
                            "service_account.#": "1",
                            "service_account.0.email": "939426582926-compute@developer.gserviceaccount.com",
                            "service_account.0.scopes.#": "3",
                            "service_account.0.scopes.1632638332": "https://www.googleapis.com/auth/devstorage.read_only",
                            "service_account.0.scopes.2428168921": "https://www.googleapis.com/auth/userinfo.email",
                            "service_account.0.scopes.2862113455": "https://www.googleapis.com/auth/compute.readonly",
                            "tags.#": "2",
                            "tags.1996459178": "bar",
                            "tags.2356372769": "foo",
                            "tags_fingerprint": "1gqCRgrww4E=",
                            "zone": "us-central1-a"
                        },
                        "meta": {
                            "schema_version": "2"
                        },
                        "tainted": false
                    },
                    "deposed": [],
                    "provider": ""
                },
                "google_compute_instance.test2": {
                    "type": "google_compute_instance",
                    "depends_on": [],
                    "primary": {
                        "id": "test2",
                        "attributes": {
                            "can_ip_forward": "false",
                            "disk.#": "2",
                            "disk.0.auto_delete": "true",
                            "disk.0.device_name": "",
                            "disk.0.disk": "",
                            "disk.0.image": "debian-cloud/debian-8",
                            "disk.0.scratch": "false",
                            "disk.0.size": "0",
                            "disk.0.type": "",
                            "disk.1.auto_delete": "true",
                            "disk.1.device_name": "",
                            "disk.1.disk": "",
                            "disk.1.image": "",
                            "disk.1.scratch": "true",
                            "disk.1.size": "0",
                            "disk.1.type": "local-ssd",
                            "id": "test2",
                            "machine_type": "n1-standard-1",
                            "metadata.%": "1",
                            "metadata.foo": "bar",
                            "metadata_fingerprint": "8tOtoWoyLrI=",
                            "metadata_startup_script": "sudo apt-get update \u0026\u0026 sudo apt-get upgrade",
                            "name": "test2",
                            "network.#": "0",
                            "network_interface.#": "1",
                            "network_interface.0.access_config.#": "1",
                            "network_interface.0.access_config.0.assigned_nat_ip": "104.197.17.35",
                            "network_interface.0.access_config.0.nat_ip": "",
                            "network_interface.0.address": "10.128.0.3",
                            "network_interface.0.name": "nic0",
                            "network_interface.0.network": "default",
                            "network_interface.0.subnetwork": "",
                            "self_link": "https://www.googleapis.com/compute/v1/projects/api-project-939426582926/zones/us-central1-a/instances/test2",
                            "service_account.#": "1",
                            "service_account.0.email": "939426582926-compute@developer.gserviceaccount.com",
                            "service_account.0.scopes.#": "3",
                            "service_account.0.scopes.1632638332": "https://www.googleapis.com/auth/devstorage.read_only",
                            "service_account.0.scopes.2428168921": "https://www.googleapis.com/auth/userinfo.email",
                            "service_account.0.scopes.2862113455": "https://www.googleapis.com/auth/compute.readonly",
                            "tags.#": "2",
                            "tags.1996459178": "bar",
                            "tags.2356372769": "foo",
                            "tags_fingerprint": "1gqCRgrww4E=",
                            "zone": "us-central1-a"
                        },
                        "meta": {
                            "schema_version": "2"
                        },
                        "tainted": false
                    },
                    "deposed": [],
                    "provider": ""
                },
                "google_compute_instance_group.challenge": {
                    "type": "google_compute_instance_group",
                    "depends_on": [
                        "google_compute_instance.test1",
                        "google_compute_instance.test2"
                    ],
                    "primary": {
                        "id": "terraform-challenge",
                        "attributes": {
                            "description": "Terraform  challenge Group",
                            "id": "terraform-challenge",
                            "instances.#": "2",
                            "instances.0": "https://www.googleapis.com/compute/v1/projects/api-project-939426582926/zones/us-central1-a/instances/test1",
                            "instances.1": "https://www.googleapis.com/compute/v1/projects/api-project-939426582926/zones/us-central1-a/instances/test2",
                            "name": "terraform-challenge",
                            "network": "https://www.googleapis.com/compute/v1/projects/api-project-939426582926/global/networks/default",
                            "self_link": "https://www.googleapis.com/compute/v1/projects/api-project-939426582926/zones/us-central1-a/instanceGroups/terraform-challenge",
                            "size": "2",
                            "zone": "us-central1-a"
                        },
                        "meta": {},
                        "tainted": false
                    },
                    "deposed": [],
                    "provider": ""
                }
            },
            "depends_on": []
        }
    ]
}
